
Microsoft Visual Studio Solution File, Format Version 12.00
Project("{2150E333-8FDC-42A3-9474-1A3956D46DE8}") = "DgraphExample", "DgraphExample", "{0E209F2F-0836-44F5-87FD-4D0D3038991A}"
EndProject
Project("{2150E333-8FDC-42A3-9474-1A3956D46DE8}") = "DgraphExample", "DgraphExample", "{04E16172-51C5-44AD-82F3-3F44B174A861}"
EndProject
Project("{FAE04EC0-301F-11D3-BF4B-00C04F79EFBC}") = "DgraphExample", "DgraphExample\DgraphExample.csproj", "{AE0D280E-E3FF-4CBD-BC9B-BA008D70D105}"
EndProject
Global
	GlobalSection(SolutionConfigurationPlatforms) = preSolution
		Debug|Any CPU = Debug|Any CPU
		Release|Any CPU = Release|Any CPU
	EndGlobalSection
	GlobalSection(ProjectConfigurationPlatforms) = postSolution
		{AE0D280E-E3FF-4CBD-BC9B-BA008D70D105}.Debug|Any CPU.ActiveCfg = Debug|Any CPU
		{AE0D280E-E3FF-4CBD-BC9B-BA008D70D105}.Debug|Any CPU.Build.0 = Debug|Any CPU
		{AE0D280E-E3FF-4CBD-BC9B-BA008D70D105}.Release|Any CPU.ActiveCfg = Release|Any CPU
		{AE0D280E-E3FF-4CBD-BC9B-BA008D70D105}.Release|Any CPU.Build.0 = Release|Any CPU
	EndGlobalSection
EndGlobal
